
Microsoft Visual Studio Solution File, Format Version 12.00
# Visual Studio Version 16
VisualStudioVersion = 16.0.31702.278
MinimumVisualStudioVersion = 10.0.40219.1
Project("{FAE04EC0-301F-11D3-BF4B-00C04F79EFBC}") = "Question one", "Question one\Question one.csproj", "{DEC9A0BE-2837-490C-AF3C-06D8473934AF}"
EndProject
Global
	GlobalSection(SolutionConfigurationPlatforms) = preSolution
		Debug|Any CPU = Debug|Any CPU
		Release|Any CPU = Release|Any CPU
	EndGlobalSection
	GlobalSection(ProjectConfigurationPlatforms) = postSolution
		{DEC9A0BE-2837-490C-AF3C-06D8473934AF}.Debug|Any CPU.ActiveCfg = Debug|Any CPU
		{DEC9A0BE-2837-490C-AF3C-06D8473934AF}.Debug|Any CPU.Build.0 = Debug|Any CPU
		{DEC9A0BE-2837-490C-AF3C-06D8473934AF}.Release|Any CPU.ActiveCfg = Release|Any CPU
		{DEC9A0BE-2837-490C-AF3C-06D8473934AF}.Release|Any CPU.Build.0 = Release|Any CPU
	EndGlobalSection
	GlobalSection(SolutionProperties) = preSolution
		HideSolutionNode = FALSE
	EndGlobalSection
	GlobalSection(ExtensibilityGlobals) = postSolution
		SolutionGuid = {B3BF9937-32B6-4C4A-8C97-019BAEF192FA}
	EndGlobalSection
EndGlobal
